// !$*UTF8*$!
{
	archiveVersion = 1;
	classes = {
	};
	objectVersion = 51;
	objects = {

/* Begin PBXBuildFile section */
		04A307C725F6FC4800629367 /* AppDelegate.m in Sources */ = {isa = PBXBuildFile; fileRef = 04A307C625F6FC4800629367 /* AppDelegate.m */; };
		04A307CA25F6FC4800629367 /* SceneDelegate.m in Sources */ = {isa = PBXBuildFile; fileRef = 04A307C925F6FC4800629367 /* SceneDelegate.m */; };
		04A307CD25F6FC4800629367 /* ViewController.m in Sources */ = {isa = PBXBuildFile; fileRef = 04A307CC25F6FC4800629367 /* ViewController.m */; };
		04A307D025F6FC4800629367 /* Main.storyboard in Resources */ = {isa = PBXBuildFile; fileRef = 04A307CE25F6FC4800629367 /* Main.storyboard */; };
		04A307D225F6FC4B00629367 /* Assets.xcassets in Resources */ = {isa = PBXBuildFile; fileRef = 04A307D125F6FC4B00629367 /* Assets.xcassets */; };
		04A307D525F6FC4B00629367 /* LaunchScreen.storyboard in Resources */ = {isa = PBXBuildFile; fileRef = 04A307D325F6FC4B00629367 /* LaunchScreen.storyboard */; };
		04A307D825F6FC4B00629367 /* main.m in Sources */ = {isa = PBXBuildFile; fileRef = 04A307D725F6FC4B00629367 /* main.m */; };
		04A307E225F6FC4B00629367 /* RAC101Tests.m in Sources */ = {isa = PBXBuildFile; fileRef = 04A307E125F6FC4B00629367 /* RAC101Tests.m */; };
		04A307ED25F6FC4B00629367 /* RAC101UITests.m in Sources */ = {isa = PBXBuildFile; fileRef = 04A307EC25F6FC4B00629367 /* RAC101UITests.m */; };
		04A3080925F7B8C800629367 /* Person.m in Sources */ = {isa = PBXBuildFile; fileRef = 04A3080825F7B8C800629367 /* Person.m */; };
		0F7FC662580E2CB145B299B4 /* Pods_RAC101.framework in Frameworks */ = {isa = PBXBuildFile; fileRef = FA3A856B4692DF3BFA8E8371 /* Pods_RAC101.framework */; };
		625E3CD4DA1D4D09B9C050DF /* Pods_RAC101Tests.framework in Frameworks */ = {isa = PBXBuildFile; fileRef = C5014C3232F4B84F272D8E5F /* Pods_RAC101Tests.framework */; };
		B9FBEF50BF12A76C343753E0 /* Pods_RAC101_RAC101UITests.framework in Frameworks */ = {isa = PBXBuildFile; fileRef = DC7E73FD2E290A1DA5BB1B3F /* Pods_RAC101_RAC101UITests.framework */; };
/* End PBXBuildFile section */

/* Begin PBXContainerItemProxy section */
		04A307DE25F6FC4B00629367 /* PBXContainerItemProxy */ = {
			isa = PBXContainerItemProxy;
			containerPortal = 04A307BA25F6FC4800629367 /* Project object */;
			proxyType = 1;
			remoteGlobalIDString = 04A307C125F6FC4800629367;
			remoteInfo = RAC101;
		};
		04A307E925F6FC4B00629367 /* PBXContainerItemProxy */ = {
			isa = PBXContainerItemProxy;
			containerPortal = 04A307BA25F6FC4800629367 /* Project object */;
			proxyType = 1;
			remoteGlobalIDString = 04A307C125F6FC4800629367;
			remoteInfo = RAC101;
		};
/* End PBXContainerItemProxy section */

/* Begin PBXFileReference section */
		04A307C225F6FC4800629367 /* RAC101.app */ = {isa = PBXFileReference; explicitFileType = wrapper.application; includeInIndex = 0; path = RAC101.app; sourceTree = BUILT_PRODUCTS_DIR; };
		04A307C525F6FC4800629367 /* AppDelegate.h */ = {isa = PBXFileReference; lastKnownFileType = sourcecode.c.h; path = AppDelegate.h; sourceTree = "<group>"; };
		04A307C625F6FC4800629367 /* AppDelegate.m */ = {isa = PBXFileReference; lastKnownFileType = sourcecode.c.objc; path = AppDelegate.m; sourceTree = "<group>"; };
		04A307C825F6FC4800629367 /* SceneDelegate.h */ = {isa = PBXFileReference; lastKnownFileType = sourcecode.c.h; path = SceneDelegate.h; sourceTree = "<group>"; };
		04A307C925F6FC4800629367 /* SceneDelegate.m */ = {isa = PBXFileReference; lastKnownFileType = sourcecode.c.objc; path = SceneDelegate.m; sourceTree = "<group>"; };
		04A307CB25F6FC4800629367 /* ViewController.h */ = {isa = PBXFileReference; lastKnownFileType = sourcecode.c.h; path = ViewController.h; sourceTree = "<group>"; };
		04A307CC25F6FC4800629367 /* ViewController.m */ = {isa = PBXFileReference; lastKnownFileType = sourcecode.c.objc; path = ViewController.m; sourceTree = "<group>"; };
		04A307CF25F6FC4800629367 /* Base */ = {isa = PBXFileReference; lastKnownFileType = file.storyboard; name = Base; path = Base.lproj/Main.storyboard; sourceTree = "<group>"; };
		04A307D125F6FC4B00629367 /* Assets.xcassets */ = {isa = PBXFileReference; lastKnownFileType = folder.assetcatalog; path = Assets.xcassets; sourceTree = "<group>"; };
		04A307D425F6FC4B00629367 /* Base */ = {isa = PBXFileReference; lastKnownFileType = file.storyboard; name = Base; path = Base.lproj/LaunchScreen.storyboard; sourceTree = "<group>"; };
		04A307D625F6FC4B00629367 /* Info.plist */ = {isa = PBXFileReference; lastKnownFileType = text.plist.xml; path = Info.plist; sourceTree = "<group>"; };
		04A307D725F6FC4B00629367 /* main.m */ = {isa = PBXFileReference; lastKnownFileType = sourcecode.c.objc; path = main.m; sourceTree = "<group>"; };
		04A307DD25F6FC4B00629367 /* RAC101Tests.xctest */ = {isa = PBXFileReference; explicitFileType = wrapper.cfbundle; includeInIndex = 0; path = RAC101Tests.xctest; sourceTree = BUILT_PRODUCTS_DIR; };
		04A307E125F6FC4B00629367 /* RAC101Tests.m */ = {isa = PBXFileReference; lastKnownFileType = sourcecode.c.objc; path = RAC101Tests.m; sourceTree = "<group>"; };
		04A307E325F6FC4B00629367 /* Info.plist */ = {isa = PBXFileReference; lastKnownFileType = text.plist.xml; path = Info.plist; sourceTree = "<group>"; };
		04A307E825F6FC4B00629367 /* RAC101UITests.xctest */ = {isa = PBXFileReference; explicitFileType = wrapper.cfbundle; includeInIndex = 0; path = RAC101UITests.xctest; sourceTree = BUILT_PRODUCTS_DIR; };
		04A307EC25F6FC4B00629367 /* RAC101UITests.m */ = {isa = PBXFileReference; lastKnownFileType = sourcecode.c.objc; path = RAC101UITests.m; sourceTree = "<group>"; };
		04A307EE25F6FC4B00629367 /* Info.plist */ = {isa = PBXFileReference; lastKnownFileType = text.plist.xml; path = Info.plist; sourceTree = "<group>"; };
		04A3080725F7B8C800629367 /* Person.h */ = {isa = PBXFileReference; lastKnownFileType = sourcecode.c.h; path = Person.h; sourceTree = "<group>"; };
		04A3080825F7B8C800629367 /* Person.m */ = {isa = PBXFileReference; lastKnownFileType = sourcecode.c.objc; path = Person.m; sourceTree = "<group>"; };
		53C1BE4D79AF47300051BE74 /* Pods-RAC101-RAC101UITests.release.xcconfig */ = {isa = PBXFileReference; includeInIndex = 1; lastKnownFileType = text.xcconfig; name = "Pods-RAC101-RAC101UITests.release.xcconfig"; path = "Target Support Files/Pods-RAC101-RAC101UITests/Pods-RAC101-RAC101UITests.release.xcconfig"; sourceTree = "<group>"; };
		5C60030E93C27411EA454DC7 /* Pods-RAC101Tests.release.xcconfig */ = {isa = PBXFileReference; includeInIndex = 1; lastKnownFileType = text.xcconfig; name = "Pods-RAC101Tests.release.xcconfig"; path = "Target Support Files/Pods-RAC101Tests/Pods-RAC101Tests.release.xcconfig"; sourceTree = "<group>"; };
		757C047EF79288172D387863 /* Pods-RAC101-RAC101UITests.debug.xcconfig */ = {isa = PBXFileReference; includeInIndex = 1; lastKnownFileType = text.xcconfig; name = "Pods-RAC101-RAC101UITests.debug.xcconfig"; path = "Target Support Files/Pods-RAC101-RAC101UITests/Pods-RAC101-RAC101UITests.debug.xcconfig"; sourceTree = "<group>"; };
		904BCB9AB0DB8C681A691B06 /* Pods-RAC101.debug.xcconfig */ = {isa = PBXFileReference; includeInIndex = 1; lastKnownFileType = text.xcconfig; name = "Pods-RAC101.debug.xcconfig"; path = "Target Support Files/Pods-RAC101/Pods-RAC101.debug.xcconfig"; sourceTree = "<group>"; };
		C5014C3232F4B84F272D8E5F /* Pods_RAC101Tests.framework */ = {isa = PBXFileReference; explicitFileType = wrapper.framework; includeInIndex = 0; path = Pods_RAC101Tests.framework; sourceTree = BUILT_PRODUCTS_DIR; };
		D9C61886B2EE619B58F1CCD8 /* Pods-RAC101.release.xcconfig */ = {isa = PBXFileReference; includeInIndex = 1; lastKnownFileType = text.xcconfig; name = "Pods-RAC101.release.xcconfig"; path = "Target Support Files/Pods-RAC101/Pods-RAC101.release.xcconfig"; sourceTree = "<group>"; };
		DC7E73FD2E290A1DA5BB1B3F /* Pods_RAC101_RAC101UITests.framework */ = {isa = PBXFileReference; explicitFileType = wrapper.framework; includeInIndex = 0; path = Pods_RAC101_RAC101UITests.framework; sourceTree = BUILT_PRODUCTS_DIR; };
		F6F6F6ECA87C157EACFAA705 /* Pods-RAC101Tests.debug.xcconfig */ = {isa = PBXFileReference; includeInIndex = 1; lastKnownFileType = text.xcconfig; name = "Pods-RAC101Tests.debug.xcconfig"; path = "Target Support Files/Pods-RAC101Tests/Pods-RAC101Tests.debug.xcconfig"; sourceTree = "<group>"; };
		FA3A856B4692DF3BFA8E8371 /* Pods_RAC101.framework */ = {isa = PBXFileReference; explicitFileType = wrapper.framework; includeInIndex = 0; path = Pods_RAC101.framework; sourceTree = BUILT_PRODUCTS_DIR; };
/* End PBXFileReference section */

/* Begin PBXFrameworksBuildPhase section */
		04A307BF25F6FC4800629367 /* Frameworks */ = {
			isa = PBXFrameworksBuildPhase;
			buildActionMask = 2147483647;
			files = (
				0F7FC662580E2CB145B299B4 /* Pods_RAC101.framework in Frameworks */,
			);
			runOnlyForDeploymentPostprocessing = 0;
		};
		04A307DA25F6FC4B00629367 /* Frameworks */ = {
			isa = PBXFrameworksBuildPhase;
			buildActionMask = 2147483647;
			files = (
				625E3CD4DA1D4D09B9C050DF /* Pods_RAC101Tests.framework in Frameworks */,
			);
			runOnlyForDeploymentPostprocessing = 0;
		};
		04A307E525F6FC4B00629367 /* Frameworks */ = {
			isa = PBXFrameworksBuildPhase;
			buildActionMask = 2147483647;
			files = (
				B9FBEF50BF12A76C343753E0 /* Pods_RAC101_RAC101UITests.framework in Frameworks */,
			);
			runOnlyForDeploymentPostprocessing = 0;
		};
/* End PBXFrameworksBuildPhase section */

/* Begin PBXGroup section */
		04A307B925F6FC4800629367 = {
			isa = PBXGroup;
			children = (
				04A307C425F6FC4800629367 /* RAC101 */,
				04A307E025F6FC4B00629367 /* RAC101Tests */,
				04A307EB25F6FC4B00629367 /* RAC101UITests */,
				04A307C325F6FC4800629367 /* Products */,
				81D985083CB7F6E08DF64F5D /* Pods */,
				2AA83F1D6D7204422706DAB3 /* Frameworks */,
			);
			sourceTree = "<group>";
		};
		04A307C325F6FC4800629367 /* Products */ = {
			isa = PBXGroup;
			children = (
				04A307C225F6FC4800629367 /* RAC101.app */,
				04A307DD25F6FC4B00629367 /* RAC101Tests.xctest */,
				04A307E825F6FC4B00629367 /* RAC101UITests.xctest */,
			);
			name = Products;
			sourceTree = "<group>";
		};
		04A307C425F6FC4800629367 /* RAC101 */ = {
			isa = PBXGroup;
			children = (
				04A307C525F6FC4800629367 /* AppDelegate.h */,
				04A307C625F6FC4800629367 /* AppDelegate.m */,
				04A307C825F6FC4800629367 /* SceneDelegate.h */,
				04A307C925F6FC4800629367 /* SceneDelegate.m */,
				04A307CB25F6FC4800629367 /* ViewController.h */,
				04A307CC25F6FC4800629367 /* ViewController.m */,
				04A3080725F7B8C800629367 /* Person.h */,
				04A3080825F7B8C800629367 /* Person.m */,
				04A307CE25F6FC4800629367 /* Main.storyboard */,
				04A307D125F6FC4B00629367 /* Assets.xcassets */,
				04A307D325F6FC4B00629367 /* LaunchScreen.storyboard */,
				04A307D625F6FC4B00629367 /* Info.plist */,
				04A307D725F6FC4B00629367 /* main.m */,
			);
			path = RAC101;
			sourceTree = "<group>";
		};
		04A307E025F6FC4B00629367 /* RAC101Tests */ = {
			isa = PBXGroup;
			children = (
				04A307E125F6FC4B00629367 /* RAC101Tests.m */,
				04A307E325F6FC4B00629367 /* Info.plist */,
			);
			path = RAC101Tests;
			sourceTree = "<group>";
		};
		04A307EB25F6FC4B00629367 /* RAC101UITests */ = {
			isa = PBXGroup;
			children = (
				04A307EC25F6FC4B00629367 /* RAC101UITests.m */,
				04A307EE25F6FC4B00629367 /* Info.plist */,
			);
			path = RAC101UITests;
			sourceTree = "<group>";
		};
		2AA83F1D6D7204422706DAB3 /* Frameworks */ = {
			isa = PBXGroup;
			children = (
				FA3A856B4692DF3BFA8E8371 /* Pods_RAC101.framework */,
				DC7E73FD2E290A1DA5BB1B3F /* Pods_RAC101_RAC101UITests.framework */,
				C5014C3232F4B84F272D8E5F /* Pods_RAC101Tests.framework */,
			);
			name = Frameworks;
			sourceTree = "<group>";
		};
		81D985083CB7F6E08DF64F5D /* Pods */ = {
			isa = PBXGroup;
			children = (
				904BCB9AB0DB8C681A691B06 /* Pods-RAC101.debug.xcconfig */,
				D9C61886B2EE619B58F1CCD8 /* Pods-RAC101.release.xcconfig */,
				757C047EF79288172D387863 /* Pods-RAC101-RAC101UITests.debug.xcconfig */,
				53C1BE4D79AF47300051BE74 /* Pods-RAC101-RAC101UITests.release.xcconfig */,
				F6F6F6ECA87C157EACFAA705 /* Pods-RAC101Tests.debug.xcconfig */,
				5C60030E93C27411EA454DC7 /* Pods-RAC101Tests.release.xcconfig */,
			);
			path = Pods;
			sourceTree = "<group>";
		};
/* End PBXGroup section */

/* Begin PBXNativeTarget section */
		04A307C125F6FC4800629367 /* RAC101 */ = {
			isa = PBXNativeTarget;
			buildConfigurationList = 04A307F125F6FC4B00629367 /* Build configuration list for PBXNativeTarget "RAC101" */;
			buildPhases = (
				BB00BBB42720557B5C1F47A7 /* [CP] Check Pods Manifest.lock */,
				04A307BE25F6FC4800629367 /* Sources */,
				04A307BF25F6FC4800629367 /* Frameworks */,
				04A307C025F6FC4800629367 /* Resources */,
				42F4D0C990FEB0EBA3FAA2CC /* [CP] Embed Pods Frameworks */,
			);
			buildRules = (
			);
			dependencies = (
			);
			name = RAC101;
			productName = RAC101;
			productReference = 04A307C225F6FC4800629367 /* RAC101.app */;
			productType = "com.apple.product-type.application";
		};
		04A307DC25F6FC4B00629367 /* RAC101Tests */ = {
			isa = PBXNativeTarget;
			buildConfigurationList = 04A307F425F6FC4B00629367 /* Build configuration list for PBXNativeTarget "RAC101Tests" */;
			buildPhases = (
				6C05CF27BB90AE66B12F5727 /* [CP] Check Pods Manifest.lock */,
				04A307D925F6FC4B00629367 /* Sources */,
				04A307DA25F6FC4B00629367 /* Frameworks */,
				04A307DB25F6FC4B00629367 /* Resources */,
			);
			buildRules = (
			);
			dependencies = (
				04A307DF25F6FC4B00629367 /* PBXTargetDependency */,
			);
			name = RAC101Tests;
			productName = RAC101Tests;
			productReference = 04A307DD25F6FC4B00629367 /* RAC101Tests.xctest */;
			productType = "com.apple.product-type.bundle.unit-test";
		};
		04A307E725F6FC4B00629367 /* RAC101UITests */ = {
			isa = PBXNativeTarget;
			buildConfigurationList = 04A307F725F6FC4B00629367 /* Build configuration list for PBXNativeTarget "RAC101UITests" */;
			buildPhases = (
				7E442E96590EF0BA0FA786B2 /* [CP] Check Pods Manifest.lock */,
				04A307E425F6FC4B00629367 /* Sources */,
				04A307E525F6FC4B00629367 /* Frameworks */,
				04A307E625F6FC4B00629367 /* Resources */,
				54147A48EBD79BECD406A4AE /* [CP] Embed Pods Frameworks */,
			);
			buildRules = (
			);
			dependencies = (
				04A307EA25F6FC4B00629367 /* PBXTargetDependency */,
			);
			name = RAC101UITests;
			productName = RAC101UITests;
			productReference = 04A307E825F6FC4B00629367 /* RAC101UITests.xctest */;
			productType = "com.apple.product-type.bundle.ui-testing";
		};
/* End PBXNativeTarget section */

/* Begin PBXProject section */
		04A307BA25F6FC4800629367 /* Project object */ = {
			isa = PBXProject;
			attributes = {
				LastUpgradeCheck = 1240;
				TargetAttributes = {
					04A307C125F6FC4800629367 = {
						CreatedOnToolsVersion = 12.4;
					};
					04A307DC25F6FC4B00629367 = {
						CreatedOnToolsVersion = 12.4;
						TestTargetID = 04A307C125F6FC4800629367;
					};
					04A307E725F6FC4B00629367 = {
						CreatedOnToolsVersion = 12.4;
						TestTargetID = 04A307C125F6FC4800629367;
					};
				};
			};
			buildConfigurationList = 04A307BD25F6FC4800629367 /* Build configuration list for PBXProject "RAC101" */;
			compatibilityVersion = "Xcode 9.3";
			developmentRegion = en;
			hasScannedForEncodings = 0;
			knownRegions = (
				en,
				Base,
			);
			mainGroup = 04A307B925F6FC4800629367;
			productRefGroup = 04A307C325F6FC4800629367 /* Products */;
			projectDirPath = "";
			projectRoot = "";
			targets = (
				04A307C125F6FC4800629367 /* RAC101 */,
				04A307DC25F6FC4B00629367 /* RAC101Tests */,
				04A307E725F6FC4B00629367 /* RAC101UITests */,
			);
		};
/* End PBXProject section */

/* Begin PBXResourcesBuildPhase section */
		04A307C025F6FC4800629367 /* Resources */ = {
			isa = PBXResourcesBuildPhase;
			buildActionMask = 2147483647;
			files = (
				04A307D525F6FC4B00629367 /* LaunchScreen.storyboard in Resources */,
				04A307D225F6FC4B00629367 /* Assets.xcassets in Resources */,
				04A307D025F6FC4800629367 /* Main.storyboard in Resources */,
			);
			runOnlyForDeploymentPostprocessing = 0;
		};
		04A307DB25F6FC4B00629367 /* Resources */ = {
			isa = PBXResourcesBuildPhase;
			buildActionMask = 2147483647;
			files = (
			);
			runOnlyForDeploymentPostprocessing = 0;
		};
		04A307E625F6FC4B00629367 /* Resources */ = {
			isa = PBXResourcesBuildPhase;
			buildActionMask = 2147483647;
			files = (
			);
			runOnlyForDeploymentPostprocessing = 0;
		};
/* End PBXResourcesBuildPhase section */

/* Begin PBXShellScriptBuildPhase section */
		42F4D0C990FEB0EBA3FAA2CC /* [CP] Embed Pods Frameworks */ = {
			isa = PBXShellScriptBuildPhase;
			buildActionMask = 2147483647;
			files = (
			);
			inputFileListPaths = (
				"${PODS_ROOT}/Target Support Files/Pods-RAC101/Pods-RAC101-frameworks-${CONFIGURATION}-input-files.xcfilelist",
			);
			name = "[CP] Embed Pods Frameworks";
			outputFileListPaths = (
				"${PODS_ROOT}/Target Support Files/Pods-RAC101/Pods-RAC101-frameworks-${CONFIGURATION}-output-files.xcfilelist",
			);
			runOnlyForDeploymentPostprocessing = 0;
			shellPath = /bin/sh;
			shellScript = "\"${PODS_ROOT}/Target Support Files/Pods-RAC101/Pods-RAC101-frameworks.sh\"\n";
			showEnvVarsInLog = 0;
		};
		54147A48EBD79BECD406A4AE /* [CP] Embed Pods Frameworks */ = {
			isa = PBXShellScriptBuildPhase;
			buildActionMask = 2147483647;
			files = (
			);
			inputFileListPaths = (
				"${PODS_ROOT}/Target Support Files/Pods-RAC101-RAC101UITests/Pods-RAC101-RAC101UITests-frameworks-${CONFIGURATION}-input-files.xcfilelist",
			);
			name = "[CP] Embed Pods Frameworks";
			outputFileListPaths = (
				"${PODS_ROOT}/Target Support Files/Pods-RAC101-RAC101UITests/Pods-RAC101-RAC101UITests-frameworks-${CONFIGURATION}-output-files.xcfilelist",
			);
			runOnlyForDeploymentPostprocessing = 0;
			shellPath = /bin/sh;
			shellScript = "\"${PODS_ROOT}/Target Support Files/Pods-RAC101-RAC101UITests/Pods-RAC101-RAC101UITests-frameworks.sh\"\n";
			showEnvVarsInLog = 0;
		};
		6C05CF27BB90AE66B12F5727 /* [CP] Check Pods Manifest.lock */ = {
			isa = PBXShellScriptBuildPhase;
			buildActionMask = 2147483647;
			files = (
			);
			inputFileListPaths = (
			);
			inputPaths = (
				"${PODS_PODFILE_DIR_PATH}/Podfile.lock",
				"${PODS_ROOT}/Manifest.lock",
			);
			name = "[CP] Check Pods Manifest.lock";
			outputFileListPaths = (
			);
			outputPaths = (
				"$(DERIVED_FILE_DIR)/Pods-RAC101Tests-checkManifestLockResult.txt",
			);
			runOnlyForDeploymentPostprocessing = 0;
			shellPath = /bin/sh;
			shellScript = "diff \"${PODS_PODFILE_DIR_PATH}/Podfile.lock\" \"${PODS_ROOT}/Manifest.lock\" > /dev/null\nif [ $? != 0 ] ; then\n    # print error to STDERR\n    echo \"error: The sandbox is not in sync with the Podfile.lock. Run 'pod install' or update your CocoaPods installation.\" >&2\n    exit 1\nfi\n# This output is used by Xcode 'outputs' to avoid re-running this script phase.\necho \"SUCCESS\" > \"${SCRIPT_OUTPUT_FILE_0}\"\n";
			showEnvVarsInLog = 0;
		};
		7E442E96590EF0BA0FA786B2 /* [CP] Check Pods Manifest.lock */ = {
			isa = PBXShellScriptBuildPhase;
			buildActionMask = 2147483647;
			files = (
			);
			inputFileListPaths = (
			);
			inputPaths = (
				"${PODS_PODFILE_DIR_PATH}/Podfile.lock",
				"${PODS_ROOT}/Manifest.lock",
			);
			name = "[CP] Check Pods Manifest.lock";
			outputFileListPaths = (
			);
			outputPaths = (
				"$(DERIVED_FILE_DIR)/Pods-RAC101-RAC101UITests-checkManifestLockResult.txt",
			);
			runOnlyForDeploymentPostprocessing = 0;
			shellPath = /bin/sh;
			shellScript = "diff \"${PODS_PODFILE_DIR_PATH}/Podfile.lock\" \"${PODS_ROOT}/Manifest.lock\" > /dev/null\nif [ $? != 0 ] ; then\n    # print error to STDERR\n    echo \"error: The sandbox is not in sync with the Podfile.lock. Run 'pod install' or update your CocoaPods installation.\" >&2\n    exit 1\nfi\n# This output is used by Xcode 'outputs' to avoid re-running this script phase.\necho \"SUCCESS\" > \"${SCRIPT_OUTPUT_FILE_0}\"\n";
			showEnvVarsInLog = 0;
		};
		BB00BBB42720557B5C1F47A7 /* [CP] Check Pods Manifest.lock */ = {
			isa = PBXShellScriptBuildPhase;
			buildActionMask = 2147483647;
			files = (
			);
			inputFileListPaths = (
			);
			inputPaths = (
				"${PODS_PODFILE_DIR_PATH}/Podfile.lock",
				"${PODS_ROOT}/Manifest.lock",
			);
			name = "[CP] Check Pods Manifest.lock";
			outputFileListPaths = (
			);
			outputPaths = (
				"$(DERIVED_FILE_DIR)/Pods-RAC101-checkManifestLockResult.txt",
			);
			runOnlyForDeploymentPostprocessing = 0;
			shellPath = /bin/sh;
			shellScript = "diff \"${PODS_PODFILE_DIR_PATH}/Podfile.lock\" \"${PODS_ROOT}/Manifest.lock\" > /dev/null\nif [ $? != 0 ] ; then\n    # print error to STDERR\n    echo \"error: The sandbox is not in sync with the Podfile.lock. Run 'pod install' or update your CocoaPods installation.\" >&2\n    exit 1\nfi\n# This output is used by Xcode 'outputs' to avoid re-running this script phase.\necho \"SUCCESS\" > \"${SCRIPT_OUTPUT_FILE_0}\"\n";
			showEnvVarsInLog = 0;
		};
/* End PBXShellScriptBuildPhase section */

/* Begin PBXSourcesBuildPhase section */
		04A307BE25F6FC4800629367 /* Sources */ = {
			isa = PBXSourcesBuildPhase;
			buildActionMask = 2147483647;
			files = (
				04A307CD25F6FC4800629367 /* ViewController.m in Sources */,
				04A307C725F6FC4800629367 /* AppDelegate.m in Sources */,
				04A3080925F7B8C800629367 /* Person.m in Sources */,
				04A307D825F6FC4B00629367 /* main.m in Sources */,
				04A307CA25F6FC4800629367 /* SceneDelegate.m in Sources */,
			);
			runOnlyForDeploymentPostprocessing = 0;
		};
		04A307D925F6FC4B00629367 /* Sources */ = {
			isa = PBXSourcesBuildPhase;
			buildActionMask = 2147483647;
			files = (
				04A307E225F6FC4B00629367 /* RAC101Tests.m in Sources */,
			);
			runOnlyForDeploymentPostprocessing = 0;
		};
		04A307E425F6FC4B00629367 /* Sources */ = {
			isa = PBXSourcesBuildPhase;
			buildActionMask = 2147483647;
			files = (
				04A307ED25F6FC4B00629367 /* RAC101UITests.m in Sources */,
			);
			runOnlyForDeploymentPostprocessing = 0;
		};
/* End PBXSourcesBuildPhase section */

/* Begin PBXTargetDependency section */
		04A307DF25F6FC4B00629367 /* PBXTargetDependency */ = {
			isa = PBXTargetDependency;
			target = 04A307C125F6FC4800629367 /* RAC101 */;
			targetProxy = 04A307DE25F6FC4B00629367 /* PBXContainerItemProxy */;
		};
		04A307EA25F6FC4B00629367 /* PBXTargetDependency */ = {
			isa = PBXTargetDependency;
			target = 04A307C125F6FC4800629367 /* RAC101 */;
			targetProxy = 04A307E925F6FC4B00629367 /* PBXContainerItemProxy */;
		};
/* End PBXTargetDependency section */

/* Begin PBXVariantGroup section */
		04A307CE25F6FC4800629367 /* Main.storyboard */ = {
			isa = PBXVariantGroup;
			children = (
				04A307CF25F6FC4800629367 /* Base */,
			);
			name = Main.storyboard;
			sourceTree = "<group>";
		};
		04A307D325F6FC4B00629367 /* LaunchScreen.storyboard */ = {
			isa = PBXVariantGroup;
			children = (
				04A307D425F6FC4B00629367 /* Base */,
			);
			name = LaunchScreen.storyboard;
			sourceTree = "<group>";
		};
/* End PBXVariantGroup section */

/* Begin XCBuildConfiguration section */
		04A307EF25F6FC4B00629367 /* Debug */ = {
			isa = XCBuildConfiguration;
			buildSettings = {
				ALWAYS_SEARCH_USER_PATHS = NO;
				CLANG_ANALYZER_NONNULL = YES;
				CLANG_ANALYZER_NUMBER_OBJECT_CONVERSION = YES_AGGRESSIVE;
				CLANG_CXX_LANGUAGE_STANDARD = "gnu++14";
				CLANG_CXX_LIBRARY = "libc++";
				CLANG_ENABLE_MODULES = YES;
				CLANG_ENABLE_OBJC_ARC = YES;
				CLANG_ENABLE_OBJC_WEAK = YES;
				CLANG_WARN_BLOCK_CAPTURE_AUTORELEASING = YES;
				CLANG_WARN_BOOL_CONVERSION = YES;
				CLANG_WARN_COMMA = YES;
				CLANG_WARN_CONSTANT_CONVERSION = YES;
				CLANG_WARN_DEPRECATED_OBJC_IMPLEMENTATIONS = YES;
				CLANG_WARN_DIRECT_OBJC_ISA_USAGE = YES_ERROR;
				CLANG_WARN_DOCUMENTATION_COMMENTS = YES;
				CLANG_WARN_EMPTY_BODY = YES;
				CLANG_WARN_ENUM_CONVERSION = YES;
				CLANG_WARN_INFINITE_RECURSION = YES;
				CLANG_WARN_INT_CONVERSION = YES;
				CLANG_WARN_NON_LITERAL_NULL_CONVERSION = YES;
				CLANG_WARN_OBJC_IMPLICIT_RETAIN_SELF = YES;
				CLANG_WARN_OBJC_LITERAL_CONVERSION = YES;
				CLANG_WARN_OBJC_ROOT_CLASS = YES_ERROR;
				CLANG_WARN_QUOTED_INCLUDE_IN_FRAMEWORK_HEADER = YES;
				CLANG_WARN_RANGE_LOOP_ANALYSIS = YES;
				CLANG_WARN_STRICT_PROTOTYPES = YES;
				CLANG_WARN_SUSPICIOUS_MOVE = YES;
				CLANG_WARN_UNGUARDED_AVAILABILITY = YES_AGGRESSIVE;
				CLANG_WARN_UNREACHABLE_CODE = YES;
				CLANG_WARN__DUPLICATE_METHOD_MATCH = YES;
				COPY_PHASE_STRIP = NO;
				DEBUG_INFORMATION_FORMAT = dwarf;
				ENABLE_STRICT_OBJC_MSGSEND = YES;
				ENABLE_TESTABILITY = YES;
				GCC_C_LANGUAGE_STANDARD = gnu11;
				GCC_DYNAMIC_NO_PIC = NO;
				GCC_NO_COMMON_BLOCKS = YES;
				GCC_OPTIMIZATION_LEVEL = 0;
				GCC_PREPROCESSOR_DEFINITIONS = (
					"DEBUG=1",
					"$(inherited)",
				);
				GCC_WARN_64_TO_32_BIT_CONVERSION = YES;
				GCC_WARN_ABOUT_RETURN_TYPE = YES_ERROR;
				GCC_WARN_UNDECLARED_SELECTOR = YES;
				GCC_WARN_UNINITIALIZED_AUTOS = YES_AGGRESSIVE;
				GCC_WARN_UNUSED_FUNCTION = YES;
				GCC_WARN_UNUSED_VARIABLE = YES;
				IPHONEOS_DEPLOYMENT_TARGET = 14.4;
				MTL_ENABLE_DEBUG_INFO = INCLUDE_SOURCE;
				MTL_FAST_MATH = YES;
				ONLY_ACTIVE_ARCH = YES;
				SDKROOT = iphoneos;
			};
			name = Debug;
		};
		04A307F025F6FC4B00629367 /* Release */ = {
			isa = XCBuildConfiguration;
			buildSettings = {
				ALWAYS_SEARCH_USER_PATHS = NO;
				CLANG_ANALYZER_NONNULL = YES;
				CLANG_ANALYZER_NUMBER_OBJECT_CONVERSION = YES_AGGRESSIVE;
				CLANG_CXX_LANGUAGE_STANDARD = "gnu++14";
				CLANG_CXX_LIBRARY = "libc++";
				CLANG_ENABLE_MODULES = YES;
				CLANG_ENABLE_OBJC_ARC = YES;
				CLANG_ENABLE_OBJC_WEAK = YES;
				CLANG_WARN_BLOCK_CAPTURE_AUTORELEASING = YES;
				CLANG_WARN_BOOL_CONVERSION = YES;
				CLANG_WARN_COMMA = YES;
				CLANG_WARN_CONSTANT_CONVERSION = YES;
				CLANG_WARN_DEPRECATED_OBJC_IMPLEMENTATIONS = YES;
				CLANG_WARN_DIRECT_OBJC_ISA_USAGE = YES_ERROR;
				CLANG_WARN_DOCUMENTATION_COMMENTS = YES;
				CLANG_WARN_EMPTY_BODY = YES;
				CLANG_WARN_ENUM_CONVERSION = YES;
				CLANG_WARN_INFINITE_RECURSION = YES;
				CLANG_WARN_INT_CONVERSION = YES;
				CLANG_WARN_NON_LITERAL_NULL_CONVERSION = YES;
				CLANG_WARN_OBJC_IMPLICIT_RETAIN_SELF = YES;
				CLANG_WARN_OBJC_LITERAL_CONVERSION = YES;
				CLANG_WARN_OBJC_ROOT_CLASS = YES_ERROR;
				CLANG_WARN_QUOTED_INCLUDE_IN_FRAMEWORK_HEADER = YES;
				CLANG_WARN_RANGE_LOOP_ANALYSIS = YES;
				CLANG_WARN_STRICT_PROTOTYPES = YES;
				CLANG_WARN_SUSPICIOUS_MOVE = YES;
				CLANG_WARN_UNGUARDED_AVAILABILITY = YES_AGGRESSIVE;
				CLANG_WARN_UNREACHABLE_CODE = YES;
				CLANG_WARN__DUPLICATE_METHOD_MATCH = YES;
				COPY_PHASE_STRIP = NO;
				DEBUG_INFORMATION_FORMAT = "dwarf-with-dsym";
				ENABLE_NS_ASSERTIONS = NO;
				ENABLE_STRICT_OBJC_MSGSEND = YES;
				GCC_C_LANGUAGE_STANDARD = gnu11;
				GCC_NO_COMMON_BLOCKS = YES;
				GCC_WARN_64_TO_32_BIT_CONVERSION = YES;
				GCC_WARN_ABOUT_RETURN_TYPE = YES_ERROR;
				GCC_WARN_UNDECLARED_SELECTOR = YES;
				GCC_WARN_UNINITIALIZED_AUTOS = YES_AGGRESSIVE;
				GCC_WARN_UNUSED_FUNCTION = YES;
				GCC_WARN_UNUSED_VARIABLE = YES;
				IPHONEOS_DEPLOYMENT_TARGET = 14.4;
				MTL_ENABLE_DEBUG_INFO = NO;
				MTL_FAST_MATH = YES;
				SDKROOT = iphoneos;
				VALIDATE_PRODUCT = YES;
			};
			name = Release;
		};
		04A307F225F6FC4B00629367 /* Debug */ = {
			isa = XCBuildConfiguration;
			baseConfigurationReference = 904BCB9AB0DB8C681A691B06 /* Pods-RAC101.debug.xcconfig */;
			buildSettings = {
				ASSETCATALOG_COMPILER_APPICON_NAME = AppIcon;
				ASSETCATALOG_COMPILER_GLOBAL_ACCENT_COLOR_NAME = AccentColor;
				CODE_SIGN_STYLE = Automatic;
				DEVELOPMENT_TEAM = 95BU8S82HL;
				INFOPLIST_FILE = RAC101/Info.plist;
				LD_RUNPATH_SEARCH_PATHS = (
					"$(inherited)",
					"@executable_path/Frameworks",
				);
				PRODUCT_BUNDLE_IDENTIFIER = com.dsy.RAC101;
				PRODUCT_NAME = "$(TARGET_NAME)";
				TARGETED_DEVICE_FAMILY = "1,2";
			};
			name = Debug;
		};
		04A307F325F6FC4B00629367 /* Release */ = {
			isa = XCBuildConfiguration;
			baseConfigurationReference = D9C61886B2EE619B58F1CCD8 /* Pods-RAC101.release.xcconfig */;
			buildSettings = {
				ASSETCATALOG_COMPILER_APPICON_NAME = AppIcon;
				ASSETCATALOG_COMPILER_GLOBAL_ACCENT_COLOR_NAME = AccentColor;
				CODE_SIGN_STYLE = Automatic;
				DEVELOPMENT_TEAM = 95BU8S82HL;
				INFOPLIST_FILE = RAC101/Info.plist;
				LD_RUNPATH_SEARCH_PATHS = (
					"$(inherited)",
					"@executable_path/Frameworks",
				);
				PRODUCT_BUNDLE_IDENTIFIER = com.dsy.RAC101;
				PRODUCT_NAME = "$(TARGET_NAME)";
				TARGETED_DEVICE_FAMILY = "1,2";
			};
			name = Release;
		};
		04A307F525F6FC4B00629367 /* Debug */ = {
			isa = XCBuildConfiguration;
			baseConfigurationReference = F6F6F6ECA87C157EACFAA705 /* Pods-RAC101Tests.debug.xcconfig */;
			buildSettings = {
				BUNDLE_LOADER = "$(TEST_HOST)";
				CODE_SIGN_STYLE = Automatic;
				DEVELOPMENT_TEAM = 95BU8S82HL;
				INFOPLIST_FILE = RAC101Tests/Info.plist;
				IPHONEOS_DEPLOYMENT_TARGET = 14.4;
				LD_RUNPATH_SEARCH_PATHS = (
					"$(inherited)",
					"@executable_path/Frameworks",
					"@loader_path/Frameworks",
				);
				PRODUCT_BUNDLE_IDENTIFIER = com.dsy.RAC101Tests;
				PRODUCT_NAME = "$(TARGET_NAME)";
				TARGETED_DEVICE_FAMILY = "1,2";
				TEST_HOST = "$(BUILT_PRODUCTS_DIR)/RAC101.app/RAC101";
			};
			name = Debug;
		};
		04A307F625F6FC4B00629367 /* Release */ = {
			isa = XCBuildConfiguration;
			baseConfigurationReference = 5C60030E93C27411EA454DC7 /* Pods-RAC101Tests.release.xcconfig */;
			buildSettings = {
				BUNDLE_LOADER = "$(TEST_HOST)";
				CODE_SIGN_STYLE = Automatic;
				DEVELOPMENT_TEAM = 95BU8S82HL;
				INFOPLIST_FILE = RAC101Tests/Info.plist;
				IPHONEOS_DEPLOYMENT_TARGET = 14.4;
				LD_RUNPATH_SEARCH_PATHS = (
					"$(inherited)",
					"@executable_path/Frameworks",
					"@loader_path/Frameworks",
				);
				PRODUCT_BUNDLE_IDENTIFIER = com.dsy.RAC101Tests;
				PRODUCT_NAME = "$(TARGET_NAME)";
				TARGETED_DEVICE_FAMILY = "1,2";
				TEST_HOST = "$(BUILT_PRODUCTS_DIR)/RAC101.app/RAC101";
			};
			name = Release;
		};
		04A307F825F6FC4B00629367 /* Debug */ = {
			isa = XCBuildConfiguration;
			baseConfigurationReference = 757C047EF79288172D387863 /* Pods-RAC101-RAC101UITests.debug.xcconfig */;
			buildSettings = {
				CODE_SIGN_STYLE = Automatic;
				DEVELOPMENT_TEAM = 95BU8S82HL;
				INFOPLIST_FILE = RAC101UITests/Info.plist;
				LD_RUNPATH_SEARCH_PATHS = (
					"$(inherited)",
					"@executable_path/Frameworks",
					"@loader_path/Frameworks",
				);
				PRODUCT_BUNDLE_IDENTIFIER = com.dsy.RAC101UITests;
				PRODUCT_NAME = "$(TARGET_NAME)";
				TARGETED_DEVICE_FAMILY = "1,2";
				TEST_TARGET_NAME = RAC101;
			};
			name = Debug;
		};
		04A307F925F6FC4B00629367 /* Release */ = {
			isa = XCBuildConfiguration;
			baseConfigurationReference = 53C1BE4D79AF47300051BE74 /* Pods-RAC101-RAC101UITests.release.xcconfig */;
			buildSettings = {
				CODE_SIGN_STYLE = Automatic;
				DEVELOPMENT_TEAM = 95BU8S82HL;
				INFOPLIST_FILE = RAC101UITests/Info.plist;
				LD_RUNPATH_SEARCH_PATHS = (
					"$(inherited)",
					"@executable_path/Frameworks",
					"@loader_path/Frameworks",
				);
				PRODUCT_BUNDLE_IDENTIFIER = com.dsy.RAC101UITests;
				PRODUCT_NAME = "$(TARGET_NAME)";
				TARGETED_DEVICE_FAMILY = "1,2";
				TEST_TARGET_NAME = RAC101;
			};
			name = Release;
		};
/* End XCBuildConfiguration section */

/* Begin XCConfigurationList section */
		04A307BD25F6FC4800629367 /* Build configuration list for PBXProject "RAC101" */ = {
			isa = XCConfigurationList;
			buildConfigurations = (
				04A307EF25F6FC4B00629367 /* Debug */,
				04A307F025F6FC4B00629367 /* Release */,
			);
			defaultConfigurationIsVisible = 0;
			defaultConfigurationName = Release;
		};
		04A307F125F6FC4B00629367 /* Build configuration list for PBXNativeTarget "RAC101" */ = {
			isa = XCConfigurationList;
			buildConfigurations = (
				04A307F225F6FC4B00629367 /* Debug */,
				04A307F325F6FC4B00629367 /* Release */,
			);
			defaultConfigurationIsVisible = 0;
			defaultConfigurationName = Release;
		};
		04A307F425F6FC4B00629367 /* Build configuration list for PBXNativeTarget "RAC101Tests" */ = {
			isa = XCConfigurationList;
			buildConfigurations = (
				04A307F525F6FC4B00629367 /* Debug */,
				04A307F625F6FC4B00629367 /* Release */,
			);
			defaultConfigurationIsVisible = 0;
			defaultConfigurationName = Release;
		};
		04A307F725F6FC4B00629367 /* Build configuration list for PBXNativeTarget "RAC101UITests" */ = {
			isa = XCConfigurationList;
			buildConfigurations = (
				04A307F825F6FC4B00629367 /* Debug */,
				04A307F925F6FC4B00629367 /* Release */,
			);
			defaultConfigurationIsVisible = 0;
			defaultConfigurationName = Release;
		};
/* End XCConfigurationList section */
	};
	rootObject = 04A307BA25F6FC4800629367 /* Project object */;
}
