// !$*UTF8*$!
{
	archiveVersion = 1;
	classes = {
	};
	objectVersion = 50;
	objects = {

/* Begin PBXBuildFile section */
		046EDEB326287D7400EE1105 /* AppDelegate.m in Sources */ = {isa = PBXBuildFile; fileRef = 046EDEB226287D7400EE1105 /* AppDelegate.m */; };
		046EDEB626287D7400EE1105 /* SceneDelegate.m in Sources */ = {isa = PBXBuildFile; fileRef = 046EDEB526287D7400EE1105 /* SceneDelegate.m */; };
		046EDEB926287D7400EE1105 /* ViewController.m in Sources */ = {isa = PBXBuildFile; fileRef = 046EDEB826287D7400EE1105 /* ViewController.m */; };
		046EDEBC26287D7400EE1105 /* Main.storyboard in Resources */ = {isa = PBXBuildFile; fileRef = 046EDEBA26287D7400EE1105 /* Main.storyboard */; };
		046EDEBE26287D7600EE1105 /* Assets.xcassets in Resources */ = {isa = PBXBuildFile; fileRef = 046EDEBD26287D7600EE1105 /* Assets.xcassets */; };
		046EDEC126287D7600EE1105 /* LaunchScreen.storyboard in Resources */ = {isa = PBXBuildFile; fileRef = 046EDEBF26287D7600EE1105 /* LaunchScreen.storyboard */; };
		046EDEC426287D7600EE1105 /* main.m in Sources */ = {isa = PBXBuildFile; fileRef = 046EDEC326287D7600EE1105 /* main.m */; };
		046EDECE26287D7600EE1105 /* _03_ThreadPortTests.m in Sources */ = {isa = PBXBuildFile; fileRef = 046EDECD26287D7600EE1105 /* _03_ThreadPortTests.m */; };
		046EDED926287D7600EE1105 /* _03_ThreadPortUITests.m in Sources */ = {isa = PBXBuildFile; fileRef = 046EDED826287D7600EE1105 /* _03_ThreadPortUITests.m */; };
		046EDEEB26287DA400EE1105 /* DYPerson.m in Sources */ = {isa = PBXBuildFile; fileRef = 046EDEEA26287DA400EE1105 /* DYPerson.m */; };
/* End PBXBuildFile section */

/* Begin PBXContainerItemProxy section */
		046EDECA26287D7600EE1105 /* PBXContainerItemProxy */ = {
			isa = PBXContainerItemProxy;
			containerPortal = 046EDEA626287D7400EE1105 /* Project object */;
			proxyType = 1;
			remoteGlobalIDString = 046EDEAD26287D7400EE1105;
			remoteInfo = 003_ThreadPort;
		};
		046EDED526287D7600EE1105 /* PBXContainerItemProxy */ = {
			isa = PBXContainerItemProxy;
			containerPortal = 046EDEA626287D7400EE1105 /* Project object */;
			proxyType = 1;
			remoteGlobalIDString = 046EDEAD26287D7400EE1105;
			remoteInfo = 003_ThreadPort;
		};
/* End PBXContainerItemProxy section */

/* Begin PBXFileReference section */
		046EDEAE26287D7400EE1105 /* 003_ThreadPort.app */ = {isa = PBXFileReference; explicitFileType = wrapper.application; includeInIndex = 0; path = 003_ThreadPort.app; sourceTree = BUILT_PRODUCTS_DIR; };
		046EDEB126287D7400EE1105 /* AppDelegate.h */ = {isa = PBXFileReference; lastKnownFileType = sourcecode.c.h; path = AppDelegate.h; sourceTree = "<group>"; };
		046EDEB226287D7400EE1105 /* AppDelegate.m */ = {isa = PBXFileReference; lastKnownFileType = sourcecode.c.objc; path = AppDelegate.m; sourceTree = "<group>"; };
		046EDEB426287D7400EE1105 /* SceneDelegate.h */ = {isa = PBXFileReference; lastKnownFileType = sourcecode.c.h; path = SceneDelegate.h; sourceTree = "<group>"; };
		046EDEB526287D7400EE1105 /* SceneDelegate.m */ = {isa = PBXFileReference; lastKnownFileType = sourcecode.c.objc; path = SceneDelegate.m; sourceTree = "<group>"; };
		046EDEB726287D7400EE1105 /* ViewController.h */ = {isa = PBXFileReference; lastKnownFileType = sourcecode.c.h; path = ViewController.h; sourceTree = "<group>"; };
		046EDEB826287D7400EE1105 /* ViewController.m */ = {isa = PBXFileReference; lastKnownFileType = sourcecode.c.objc; path = ViewController.m; sourceTree = "<group>"; };
		046EDEBB26287D7400EE1105 /* Base */ = {isa = PBXFileReference; lastKnownFileType = file.storyboard; name = Base; path = Base.lproj/Main.storyboard; sourceTree = "<group>"; };
		046EDEBD26287D7600EE1105 /* Assets.xcassets */ = {isa = PBXFileReference; lastKnownFileType = folder.assetcatalog; path = Assets.xcassets; sourceTree = "<group>"; };
		046EDEC026287D7600EE1105 /* Base */ = {isa = PBXFileReference; lastKnownFileType = file.storyboard; name = Base; path = Base.lproj/LaunchScreen.storyboard; sourceTree = "<group>"; };
		046EDEC226287D7600EE1105 /* Info.plist */ = {isa = PBXFileReference; lastKnownFileType = text.plist.xml; path = Info.plist; sourceTree = "<group>"; };
		046EDEC326287D7600EE1105 /* main.m */ = {isa = PBXFileReference; lastKnownFileType = sourcecode.c.objc; path = main.m; sourceTree = "<group>"; };
		046EDEC926287D7600EE1105 /* 003_ThreadPortTests.xctest */ = {isa = PBXFileReference; explicitFileType = wrapper.cfbundle; includeInIndex = 0; path = 003_ThreadPortTests.xctest; sourceTree = BUILT_PRODUCTS_DIR; };
		046EDECD26287D7600EE1105 /* _03_ThreadPortTests.m */ = {isa = PBXFileReference; lastKnownFileType = sourcecode.c.objc; path = _03_ThreadPortTests.m; sourceTree = "<group>"; };
		046EDECF26287D7600EE1105 /* Info.plist */ = {isa = PBXFileReference; lastKnownFileType = text.plist.xml; path = Info.plist; sourceTree = "<group>"; };
		046EDED426287D7600EE1105 /* 003_ThreadPortUITests.xctest */ = {isa = PBXFileReference; explicitFileType = wrapper.cfbundle; includeInIndex = 0; path = 003_ThreadPortUITests.xctest; sourceTree = BUILT_PRODUCTS_DIR; };
		046EDED826287D7600EE1105 /* _03_ThreadPortUITests.m */ = {isa = PBXFileReference; lastKnownFileType = sourcecode.c.objc; path = _03_ThreadPortUITests.m; sourceTree = "<group>"; };
		046EDEDA26287D7600EE1105 /* Info.plist */ = {isa = PBXFileReference; lastKnownFileType = text.plist.xml; path = Info.plist; sourceTree = "<group>"; };
		046EDEE926287DA400EE1105 /* DYPerson.h */ = {isa = PBXFileReference; lastKnownFileType = sourcecode.c.h; path = DYPerson.h; sourceTree = "<group>"; };
		046EDEEA26287DA400EE1105 /* DYPerson.m */ = {isa = PBXFileReference; lastKnownFileType = sourcecode.c.objc; path = DYPerson.m; sourceTree = "<group>"; };
/* End PBXFileReference section */

/* Begin PBXFrameworksBuildPhase section */
		046EDEAB26287D7400EE1105 /* Frameworks */ = {
			isa = PBXFrameworksBuildPhase;
			buildActionMask = 2147483647;
			files = (
			);
			runOnlyForDeploymentPostprocessing = 0;
		};
		046EDEC626287D7600EE1105 /* Frameworks */ = {
			isa = PBXFrameworksBuildPhase;
			buildActionMask = 2147483647;
			files = (
			);
			runOnlyForDeploymentPostprocessing = 0;
		};
		046EDED126287D7600EE1105 /* Frameworks */ = {
			isa = PBXFrameworksBuildPhase;
			buildActionMask = 2147483647;
			files = (
			);
			runOnlyForDeploymentPostprocessing = 0;
		};
/* End PBXFrameworksBuildPhase section */

/* Begin PBXGroup section */
		046EDEA526287D7400EE1105 = {
			isa = PBXGroup;
			children = (
				046EDEB026287D7400EE1105 /* 003_ThreadPort */,
				046EDECC26287D7600EE1105 /* 003_ThreadPortTests */,
				046EDED726287D7600EE1105 /* 003_ThreadPortUITests */,
				046EDEAF26287D7400EE1105 /* Products */,
			);
			sourceTree = "<group>";
		};
		046EDEAF26287D7400EE1105 /* Products */ = {
			isa = PBXGroup;
			children = (
				046EDEAE26287D7400EE1105 /* 003_ThreadPort.app */,
				046EDEC926287D7600EE1105 /* 003_ThreadPortTests.xctest */,
				046EDED426287D7600EE1105 /* 003_ThreadPortUITests.xctest */,
			);
			name = Products;
			sourceTree = "<group>";
		};
		046EDEB026287D7400EE1105 /* 003_ThreadPort */ = {
			isa = PBXGroup;
			children = (
				046EDEB126287D7400EE1105 /* AppDelegate.h */,
				046EDEB226287D7400EE1105 /* AppDelegate.m */,
				046EDEB426287D7400EE1105 /* SceneDelegate.h */,
				046EDEB526287D7400EE1105 /* SceneDelegate.m */,
				046EDEB726287D7400EE1105 /* ViewController.h */,
				046EDEB826287D7400EE1105 /* ViewController.m */,
				046EDEE926287DA400EE1105 /* DYPerson.h */,
				046EDEEA26287DA400EE1105 /* DYPerson.m */,
				046EDEBA26287D7400EE1105 /* Main.storyboard */,
				046EDEBD26287D7600EE1105 /* Assets.xcassets */,
				046EDEBF26287D7600EE1105 /* LaunchScreen.storyboard */,
				046EDEC226287D7600EE1105 /* Info.plist */,
				046EDEC326287D7600EE1105 /* main.m */,
			);
			path = 003_ThreadPort;
			sourceTree = "<group>";
		};
		046EDECC26287D7600EE1105 /* 003_ThreadPortTests */ = {
			isa = PBXGroup;
			children = (
				046EDECD26287D7600EE1105 /* _03_ThreadPortTests.m */,
				046EDECF26287D7600EE1105 /* Info.plist */,
			);
			path = 003_ThreadPortTests;
			sourceTree = "<group>";
		};
		046EDED726287D7600EE1105 /* 003_ThreadPortUITests */ = {
			isa = PBXGroup;
			children = (
				046EDED826287D7600EE1105 /* _03_ThreadPortUITests.m */,
				046EDEDA26287D7600EE1105 /* Info.plist */,
			);
			path = 003_ThreadPortUITests;
			sourceTree = "<group>";
		};
/* End PBXGroup section */

/* Begin PBXNativeTarget section */
		046EDEAD26287D7400EE1105 /* 003_ThreadPort */ = {
			isa = PBXNativeTarget;
			buildConfigurationList = 046EDEDD26287D7600EE1105 /* Build configuration list for PBXNativeTarget "003_ThreadPort" */;
			buildPhases = (
				046EDEAA26287D7400EE1105 /* Sources */,
				046EDEAB26287D7400EE1105 /* Frameworks */,
				046EDEAC26287D7400EE1105 /* Resources */,
			);
			buildRules = (
			);
			dependencies = (
			);
			name = 003_ThreadPort;
			productName = 003_ThreadPort;
			productReference = 046EDEAE26287D7400EE1105 /* 003_ThreadPort.app */;
			productType = "com.apple.product-type.application";
		};
		046EDEC826287D7600EE1105 /* 003_ThreadPortTests */ = {
			isa = PBXNativeTarget;
			buildConfigurationList = 046EDEE026287D7600EE1105 /* Build configuration list for PBXNativeTarget "003_ThreadPortTests" */;
			buildPhases = (
				046EDEC526287D7600EE1105 /* Sources */,
				046EDEC626287D7600EE1105 /* Frameworks */,
				046EDEC726287D7600EE1105 /* Resources */,
			);
			buildRules = (
			);
			dependencies = (
				046EDECB26287D7600EE1105 /* PBXTargetDependency */,
			);
			name = 003_ThreadPortTests;
			productName = 003_ThreadPortTests;
			productReference = 046EDEC926287D7600EE1105 /* 003_ThreadPortTests.xctest */;
			productType = "com.apple.product-type.bundle.unit-test";
		};
		046EDED326287D7600EE1105 /* 003_ThreadPortUITests */ = {
			isa = PBXNativeTarget;
			buildConfigurationList = 046EDEE326287D7600EE1105 /* Build configuration list for PBXNativeTarget "003_ThreadPortUITests" */;
			buildPhases = (
				046EDED026287D7600EE1105 /* Sources */,
				046EDED126287D7600EE1105 /* Frameworks */,
				046EDED226287D7600EE1105 /* Resources */,
			);
			buildRules = (
			);
			dependencies = (
				046EDED626287D7600EE1105 /* PBXTargetDependency */,
			);
			name = 003_ThreadPortUITests;
			productName = 003_ThreadPortUITests;
			productReference = 046EDED426287D7600EE1105 /* 003_ThreadPortUITests.xctest */;
			productType = "com.apple.product-type.bundle.ui-testing";
		};
/* End PBXNativeTarget section */

/* Begin PBXProject section */
		046EDEA626287D7400EE1105 /* Project object */ = {
			isa = PBXProject;
			attributes = {
				LastUpgradeCheck = 1240;
				TargetAttributes = {
					046EDEAD26287D7400EE1105 = {
						CreatedOnToolsVersion = 12.4;
					};
					046EDEC826287D7600EE1105 = {
						CreatedOnToolsVersion = 12.4;
						TestTargetID = 046EDEAD26287D7400EE1105;
					};
					046EDED326287D7600EE1105 = {
						CreatedOnToolsVersion = 12.4;
						TestTargetID = 046EDEAD26287D7400EE1105;
					};
				};
			};
			buildConfigurationList = 046EDEA926287D7400EE1105 /* Build configuration list for PBXProject "003_ThreadPort" */;
			compatibilityVersion = "Xcode 9.3";
			developmentRegion = en;
			hasScannedForEncodings = 0;
			knownRegions = (
				en,
				Base,
			);
			mainGroup = 046EDEA526287D7400EE1105;
			productRefGroup = 046EDEAF26287D7400EE1105 /* Products */;
			projectDirPath = "";
			projectRoot = "";
			targets = (
				046EDEAD26287D7400EE1105 /* 003_ThreadPort */,
				046EDEC826287D7600EE1105 /* 003_ThreadPortTests */,
				046EDED326287D7600EE1105 /* 003_ThreadPortUITests */,
			);
		};
/* End PBXProject section */

/* Begin PBXResourcesBuildPhase section */
		046EDEAC26287D7400EE1105 /* Resources */ = {
			isa = PBXResourcesBuildPhase;
			buildActionMask = 2147483647;
			files = (
				046EDEC126287D7600EE1105 /* LaunchScreen.storyboard in Resources */,
				046EDEBE26287D7600EE1105 /* Assets.xcassets in Resources */,
				046EDEBC26287D7400EE1105 /* Main.storyboard in Resources */,
			);
			runOnlyForDeploymentPostprocessing = 0;
		};
		046EDEC726287D7600EE1105 /* Resources */ = {
			isa = PBXResourcesBuildPhase;
			buildActionMask = 2147483647;
			files = (
			);
			runOnlyForDeploymentPostprocessing = 0;
		};
		046EDED226287D7600EE1105 /* Resources */ = {
			isa = PBXResourcesBuildPhase;
			buildActionMask = 2147483647;
			files = (
			);
			runOnlyForDeploymentPostprocessing = 0;
		};
/* End PBXResourcesBuildPhase section */

/* Begin PBXSourcesBuildPhase section */
		046EDEAA26287D7400EE1105 /* Sources */ = {
			isa = PBXSourcesBuildPhase;
			buildActionMask = 2147483647;
			files = (
				046EDEEB26287DA400EE1105 /* DYPerson.m in Sources */,
				046EDEB926287D7400EE1105 /* ViewController.m in Sources */,
				046EDEB326287D7400EE1105 /* AppDelegate.m in Sources */,
				046EDEC426287D7600EE1105 /* main.m in Sources */,
				046EDEB626287D7400EE1105 /* SceneDelegate.m in Sources */,
			);
			runOnlyForDeploymentPostprocessing = 0;
		};
		046EDEC526287D7600EE1105 /* Sources */ = {
			isa = PBXSourcesBuildPhase;
			buildActionMask = 2147483647;
			files = (
				046EDECE26287D7600EE1105 /* _03_ThreadPortTests.m in Sources */,
			);
			runOnlyForDeploymentPostprocessing = 0;
		};
		046EDED026287D7600EE1105 /* Sources */ = {
			isa = PBXSourcesBuildPhase;
			buildActionMask = 2147483647;
			files = (
				046EDED926287D7600EE1105 /* _03_ThreadPortUITests.m in Sources */,
			);
			runOnlyForDeploymentPostprocessing = 0;
		};
/* End PBXSourcesBuildPhase section */

/* Begin PBXTargetDependency section */
		046EDECB26287D7600EE1105 /* PBXTargetDependency */ = {
			isa = PBXTargetDependency;
			target = 046EDEAD26287D7400EE1105 /* 003_ThreadPort */;
			targetProxy = 046EDECA26287D7600EE1105 /* PBXContainerItemProxy */;
		};
		046EDED626287D7600EE1105 /* PBXTargetDependency */ = {
			isa = PBXTargetDependency;
			target = 046EDEAD26287D7400EE1105 /* 003_ThreadPort */;
			targetProxy = 046EDED526287D7600EE1105 /* PBXContainerItemProxy */;
		};
/* End PBXTargetDependency section */

/* Begin PBXVariantGroup section */
		046EDEBA26287D7400EE1105 /* Main.storyboard */ = {
			isa = PBXVariantGroup;
			children = (
				046EDEBB26287D7400EE1105 /* Base */,
			);
			name = Main.storyboard;
			sourceTree = "<group>";
		};
		046EDEBF26287D7600EE1105 /* LaunchScreen.storyboard */ = {
			isa = PBXVariantGroup;
			children = (
				046EDEC026287D7600EE1105 /* Base */,
			);
			name = LaunchScreen.storyboard;
			sourceTree = "<group>";
		};
/* End PBXVariantGroup section */

/* Begin XCBuildConfiguration section */
		046EDEDB26287D7600EE1105 /* Debug */ = {
			isa = XCBuildConfiguration;
			buildSettings = {
				ALWAYS_SEARCH_USER_PATHS = NO;
				CLANG_ANALYZER_NONNULL = YES;
				CLANG_ANALYZER_NUMBER_OBJECT_CONVERSION = YES_AGGRESSIVE;
				CLANG_CXX_LANGUAGE_STANDARD = "gnu++14";
				CLANG_CXX_LIBRARY = "libc++";
				CLANG_ENABLE_MODULES = YES;
				CLANG_ENABLE_OBJC_ARC = YES;
				CLANG_ENABLE_OBJC_WEAK = YES;
				CLANG_WARN_BLOCK_CAPTURE_AUTORELEASING = YES;
				CLANG_WARN_BOOL_CONVERSION = YES;
				CLANG_WARN_COMMA = YES;
				CLANG_WARN_CONSTANT_CONVERSION = YES;
				CLANG_WARN_DEPRECATED_OBJC_IMPLEMENTATIONS = YES;
				CLANG_WARN_DIRECT_OBJC_ISA_USAGE = YES_ERROR;
				CLANG_WARN_DOCUMENTATION_COMMENTS = YES;
				CLANG_WARN_EMPTY_BODY = YES;
				CLANG_WARN_ENUM_CONVERSION = YES;
				CLANG_WARN_INFINITE_RECURSION = YES;
				CLANG_WARN_INT_CONVERSION = YES;
				CLANG_WARN_NON_LITERAL_NULL_CONVERSION = YES;
				CLANG_WARN_OBJC_IMPLICIT_RETAIN_SELF = YES;
				CLANG_WARN_OBJC_LITERAL_CONVERSION = YES;
				CLANG_WARN_OBJC_ROOT_CLASS = YES_ERROR;
				CLANG_WARN_QUOTED_INCLUDE_IN_FRAMEWORK_HEADER = YES;
				CLANG_WARN_RANGE_LOOP_ANALYSIS = YES;
				CLANG_WARN_STRICT_PROTOTYPES = YES;
				CLANG_WARN_SUSPICIOUS_MOVE = YES;
				CLANG_WARN_UNGUARDED_AVAILABILITY = YES_AGGRESSIVE;
				CLANG_WARN_UNREACHABLE_CODE = YES;
				CLANG_WARN__DUPLICATE_METHOD_MATCH = YES;
				COPY_PHASE_STRIP = NO;
				DEBUG_INFORMATION_FORMAT = dwarf;
				ENABLE_STRICT_OBJC_MSGSEND = YES;
				ENABLE_TESTABILITY = YES;
				GCC_C_LANGUAGE_STANDARD = gnu11;
				GCC_DYNAMIC_NO_PIC = NO;
				GCC_NO_COMMON_BLOCKS = YES;
				GCC_OPTIMIZATION_LEVEL = 0;
				GCC_PREPROCESSOR_DEFINITIONS = (
					"DEBUG=1",
					"$(inherited)",
				);
				GCC_WARN_64_TO_32_BIT_CONVERSION = YES;
				GCC_WARN_ABOUT_RETURN_TYPE = YES_ERROR;
				GCC_WARN_UNDECLARED_SELECTOR = YES;
				GCC_WARN_UNINITIALIZED_AUTOS = YES_AGGRESSIVE;
				GCC_WARN_UNUSED_FUNCTION = YES;
				GCC_WARN_UNUSED_VARIABLE = YES;
				IPHONEOS_DEPLOYMENT_TARGET = 14.4;
				MTL_ENABLE_DEBUG_INFO = INCLUDE_SOURCE;
				MTL_FAST_MATH = YES;
				ONLY_ACTIVE_ARCH = YES;
				SDKROOT = iphoneos;
			};
			name = Debug;
		};
		046EDEDC26287D7600EE1105 /* Release */ = {
			isa = XCBuildConfiguration;
			buildSettings = {
				ALWAYS_SEARCH_USER_PATHS = NO;
				CLANG_ANALYZER_NONNULL = YES;
				CLANG_ANALYZER_NUMBER_OBJECT_CONVERSION = YES_AGGRESSIVE;
				CLANG_CXX_LANGUAGE_STANDARD = "gnu++14";
				CLANG_CXX_LIBRARY = "libc++";
				CLANG_ENABLE_MODULES = YES;
				CLANG_ENABLE_OBJC_ARC = YES;
				CLANG_ENABLE_OBJC_WEAK = YES;
				CLANG_WARN_BLOCK_CAPTURE_AUTORELEASING = YES;
				CLANG_WARN_BOOL_CONVERSION = YES;
				CLANG_WARN_COMMA = YES;
				CLANG_WARN_CONSTANT_CONVERSION = YES;
				CLANG_WARN_DEPRECATED_OBJC_IMPLEMENTATIONS = YES;
				CLANG_WARN_DIRECT_OBJC_ISA_USAGE = YES_ERROR;
				CLANG_WARN_DOCUMENTATION_COMMENTS = YES;
				CLANG_WARN_EMPTY_BODY = YES;
				CLANG_WARN_ENUM_CONVERSION = YES;
				CLANG_WARN_INFINITE_RECURSION = YES;
				CLANG_WARN_INT_CONVERSION = YES;
				CLANG_WARN_NON_LITERAL_NULL_CONVERSION = YES;
				CLANG_WARN_OBJC_IMPLICIT_RETAIN_SELF = YES;
				CLANG_WARN_OBJC_LITERAL_CONVERSION = YES;
				CLANG_WARN_OBJC_ROOT_CLASS = YES_ERROR;
				CLANG_WARN_QUOTED_INCLUDE_IN_FRAMEWORK_HEADER = YES;
				CLANG_WARN_RANGE_LOOP_ANALYSIS = YES;
				CLANG_WARN_STRICT_PROTOTYPES = YES;
				CLANG_WARN_SUSPICIOUS_MOVE = YES;
				CLANG_WARN_UNGUARDED_AVAILABILITY = YES_AGGRESSIVE;
				CLANG_WARN_UNREACHABLE_CODE = YES;
				CLANG_WARN__DUPLICATE_METHOD_MATCH = YES;
				COPY_PHASE_STRIP = NO;
				DEBUG_INFORMATION_FORMAT = "dwarf-with-dsym";
				ENABLE_NS_ASSERTIONS = NO;
				ENABLE_STRICT_OBJC_MSGSEND = YES;
				GCC_C_LANGUAGE_STANDARD = gnu11;
				GCC_NO_COMMON_BLOCKS = YES;
				GCC_WARN_64_TO_32_BIT_CONVERSION = YES;
				GCC_WARN_ABOUT_RETURN_TYPE = YES_ERROR;
				GCC_WARN_UNDECLARED_SELECTOR = YES;
				GCC_WARN_UNINITIALIZED_AUTOS = YES_AGGRESSIVE;
				GCC_WARN_UNUSED_FUNCTION = YES;
				GCC_WARN_UNUSED_VARIABLE = YES;
				IPHONEOS_DEPLOYMENT_TARGET = 14.4;
				MTL_ENABLE_DEBUG_INFO = NO;
				MTL_FAST_MATH = YES;
				SDKROOT = iphoneos;
				VALIDATE_PRODUCT = YES;
			};
			name = Release;
		};
		046EDEDE26287D7600EE1105 /* Debug */ = {
			isa = XCBuildConfiguration;
			buildSettings = {
				ASSETCATALOG_COMPILER_APPICON_NAME = AppIcon;
				ASSETCATALOG_COMPILER_GLOBAL_ACCENT_COLOR_NAME = AccentColor;
				CODE_SIGN_STYLE = Automatic;
				DEVELOPMENT_TEAM = 95BU8S82HL;
				INFOPLIST_FILE = 003_ThreadPort/Info.plist;
				LD_RUNPATH_SEARCH_PATHS = (
					"$(inherited)",
					"@executable_path/Frameworks",
				);
				PRODUCT_BUNDLE_IDENTIFIER = "com.dsy.-03-ThreadPort";
				PRODUCT_NAME = "$(TARGET_NAME)";
				TARGETED_DEVICE_FAMILY = "1,2";
			};
			name = Debug;
		};
		046EDEDF26287D7600EE1105 /* Release */ = {
			isa = XCBuildConfiguration;
			buildSettings = {
				ASSETCATALOG_COMPILER_APPICON_NAME = AppIcon;
				ASSETCATALOG_COMPILER_GLOBAL_ACCENT_COLOR_NAME = AccentColor;
				CODE_SIGN_STYLE = Automatic;
				DEVELOPMENT_TEAM = 95BU8S82HL;
				INFOPLIST_FILE = 003_ThreadPort/Info.plist;
				LD_RUNPATH_SEARCH_PATHS = (
					"$(inherited)",
					"@executable_path/Frameworks",
				);
				PRODUCT_BUNDLE_IDENTIFIER = "com.dsy.-03-ThreadPort";
				PRODUCT_NAME = "$(TARGET_NAME)";
				TARGETED_DEVICE_FAMILY = "1,2";
			};
			name = Release;
		};
		046EDEE126287D7600EE1105 /* Debug */ = {
			isa = XCBuildConfiguration;
			buildSettings = {
				BUNDLE_LOADER = "$(TEST_HOST)";
				CODE_SIGN_STYLE = Automatic;
				DEVELOPMENT_TEAM = 95BU8S82HL;
				INFOPLIST_FILE = 003_ThreadPortTests/Info.plist;
				IPHONEOS_DEPLOYMENT_TARGET = 14.4;
				LD_RUNPATH_SEARCH_PATHS = (
					"$(inherited)",
					"@executable_path/Frameworks",
					"@loader_path/Frameworks",
				);
				PRODUCT_BUNDLE_IDENTIFIER = "com.dsy.-03-ThreadPortTests";
				PRODUCT_NAME = "$(TARGET_NAME)";
				TARGETED_DEVICE_FAMILY = "1,2";
				TEST_HOST = "$(BUILT_PRODUCTS_DIR)/003_ThreadPort.app/003_ThreadPort";
			};
			name = Debug;
		};
		046EDEE226287D7600EE1105 /* Release */ = {
			isa = XCBuildConfiguration;
			buildSettings = {
				BUNDLE_LOADER = "$(TEST_HOST)";
				CODE_SIGN_STYLE = Automatic;
				DEVELOPMENT_TEAM = 95BU8S82HL;
				INFOPLIST_FILE = 003_ThreadPortTests/Info.plist;
				IPHONEOS_DEPLOYMENT_TARGET = 14.4;
				LD_RUNPATH_SEARCH_PATHS = (
					"$(inherited)",
					"@executable_path/Frameworks",
					"@loader_path/Frameworks",
				);
				PRODUCT_BUNDLE_IDENTIFIER = "com.dsy.-03-ThreadPortTests";
				PRODUCT_NAME = "$(TARGET_NAME)";
				TARGETED_DEVICE_FAMILY = "1,2";
				TEST_HOST = "$(BUILT_PRODUCTS_DIR)/003_ThreadPort.app/003_ThreadPort";
			};
			name = Release;
		};
		046EDEE426287D7600EE1105 /* Debug */ = {
			isa = XCBuildConfiguration;
			buildSettings = {
				CODE_SIGN_STYLE = Automatic;
				DEVELOPMENT_TEAM = 95BU8S82HL;
				INFOPLIST_FILE = 003_ThreadPortUITests/Info.plist;
				LD_RUNPATH_SEARCH_PATHS = (
					"$(inherited)",
					"@executable_path/Frameworks",
					"@loader_path/Frameworks",
				);
				PRODUCT_BUNDLE_IDENTIFIER = "com.dsy.-03-ThreadPortUITests";
				PRODUCT_NAME = "$(TARGET_NAME)";
				TARGETED_DEVICE_FAMILY = "1,2";
				TEST_TARGET_NAME = 003_ThreadPort;
			};
			name = Debug;
		};
		046EDEE526287D7600EE1105 /* Release */ = {
			isa = XCBuildConfiguration;
			buildSettings = {
				CODE_SIGN_STYLE = Automatic;
				DEVELOPMENT_TEAM = 95BU8S82HL;
				INFOPLIST_FILE = 003_ThreadPortUITests/Info.plist;
				LD_RUNPATH_SEARCH_PATHS = (
					"$(inherited)",
					"@executable_path/Frameworks",
					"@loader_path/Frameworks",
				);
				PRODUCT_BUNDLE_IDENTIFIER = "com.dsy.-03-ThreadPortUITests";
				PRODUCT_NAME = "$(TARGET_NAME)";
				TARGETED_DEVICE_FAMILY = "1,2";
				TEST_TARGET_NAME = 003_ThreadPort;
			};
			name = Release;
		};
/* End XCBuildConfiguration section */

/* Begin XCConfigurationList section */
		046EDEA926287D7400EE1105 /* Build configuration list for PBXProject "003_ThreadPort" */ = {
			isa = XCConfigurationList;
			buildConfigurations = (
				046EDEDB26287D7600EE1105 /* Debug */,
				046EDEDC26287D7600EE1105 /* Release */,
			);
			defaultConfigurationIsVisible = 0;
			defaultConfigurationName = Release;
		};
		046EDEDD26287D7600EE1105 /* Build configuration list for PBXNativeTarget "003_ThreadPort" */ = {
			isa = XCConfigurationList;
			buildConfigurations = (
				046EDEDE26287D7600EE1105 /* Debug */,
				046EDEDF26287D7600EE1105 /* Release */,
			);
			defaultConfigurationIsVisible = 0;
			defaultConfigurationName = Release;
		};
		046EDEE026287D7600EE1105 /* Build configuration list for PBXNativeTarget "003_ThreadPortTests" */ = {
			isa = XCConfigurationList;
			buildConfigurations = (
				046EDEE126287D7600EE1105 /* Debug */,
				046EDEE226287D7600EE1105 /* Release */,
			);
			defaultConfigurationIsVisible = 0;
			defaultConfigurationName = Release;
		};
		046EDEE326287D7600EE1105 /* Build configuration list for PBXNativeTarget "003_ThreadPortUITests" */ = {
			isa = XCConfigurationList;
			buildConfigurations = (
				046EDEE426287D7600EE1105 /* Debug */,
				046EDEE526287D7600EE1105 /* Release */,
			);
			defaultConfigurationIsVisible = 0;
			defaultConfigurationName = Release;
		};
/* End XCConfigurationList section */
	};
	rootObject = 046EDEA626287D7400EE1105 /* Project object */;
}
